
Microsoft Visual Studio Solution File, Format Version 12.00
# Visual Studio Version 16
VisualStudioVersion = 16.0.30804.86
MinimumVisualStudioVersion = 10.0.40219.1
Project("{FAE04EC0-301F-11D3-BF4B-00C04F79EFBC}") = "BirthdayGreetings3", "BirthdayGreetings3\BirthdayGreetings3.csproj", "{D5249CE3-33EC-4E7E-A50A-33415BAC6BA7}"
EndProject
Project("{FAE04EC0-301F-11D3-BF4B-00C04F79EFBC}") = "BirthdayGreetings.Tests", "BirthdayGreetings.Tests\BirthdayGreetings.Tests.csproj", "{13D03870-0DD3-4C53-91AC-D2BBF53C1457}"
EndProject
Global
	GlobalSection(SolutionConfigurationPlatforms) = preSolution
		Debug|Any CPU = Debug|Any CPU
		Release|Any CPU = Release|Any CPU
	EndGlobalSection
	GlobalSection(ProjectConfigurationPlatforms) = postSolution
		{D5249CE3-33EC-4E7E-A50A-33415BAC6BA7}.Debug|Any CPU.ActiveCfg = Debug|Any CPU
		{D5249CE3-33EC-4E7E-A50A-33415BAC6BA7}.Debug|Any CPU.Build.0 = Debug|Any CPU
		{D5249CE3-33EC-4E7E-A50A-33415BAC6BA7}.Release|Any CPU.ActiveCfg = Release|Any CPU
		{D5249CE3-33EC-4E7E-A50A-33415BAC6BA7}.Release|Any CPU.Build.0 = Release|Any CPU
		{13D03870-0DD3-4C53-91AC-D2BBF53C1457}.Debug|Any CPU.ActiveCfg = Debug|Any CPU
		{13D03870-0DD3-4C53-91AC-D2BBF53C1457}.Debug|Any CPU.Build.0 = Debug|Any CPU
		{13D03870-0DD3-4C53-91AC-D2BBF53C1457}.Release|Any CPU.ActiveCfg = Release|Any CPU
		{13D03870-0DD3-4C53-91AC-D2BBF53C1457}.Release|Any CPU.Build.0 = Release|Any CPU
	EndGlobalSection
	GlobalSection(SolutionProperties) = preSolution
		HideSolutionNode = FALSE
	EndGlobalSection
	GlobalSection(ExtensibilityGlobals) = postSolution
		SolutionGuid = {C7955069-A944-4945-B641-CD3CEC177DF2}
	EndGlobalSection
EndGlobal
